
Microsoft Visual Studio Solution File, Format Version 10.00
# Visual Studio 2008
Project("{8BC9CEB8-8B4A-11D0-8D11-00A0C91BC942}") = "Medallero", "Medallero.vcproj", "{FADF43D1-36D5-4636-8D01-C32D658C6690}"
EndProject
Project("{8BC9CEB8-8B4A-11D0-8D11-00A0C91BC942}") = "MedalleroWinForm", "..\MedalleroWinForm\MedalleroWinForm.vcproj", "{C018821A-B2DA-4EC6-B208-0699FB00BEA5}"
EndProject
Global
	GlobalSection(SolutionConfigurationPlatforms) = preSolution
		Debug|Win32 = Debug|Win32
		Release|Win32 = Release|Win32
	EndGlobalSection
	GlobalSection(ProjectConfigurationPlatforms) = postSolution
		{FADF43D1-36D5-4636-8D01-C32D658C6690}.Debug|Win32.ActiveCfg = Debug|Win32
		{FADF43D1-36D5-4636-8D01-C32D658C6690}.Debug|Win32.Build.0 = Debug|Win32
		{FADF43D1-36D5-4636-8D01-C32D658C6690}.Release|Win32.ActiveCfg = Release|Win32
		{FADF43D1-36D5-4636-8D01-C32D658C6690}.Release|Win32.Build.0 = Release|Win32
		{C018821A-B2DA-4EC6-B208-0699FB00BEA5}.Debug|Win32.ActiveCfg = Debug|Win32
		{C018821A-B2DA-4EC6-B208-0699FB00BEA5}.Debug|Win32.Build.0 = Debug|Win32
		{C018821A-B2DA-4EC6-B208-0699FB00BEA5}.Release|Win32.ActiveCfg = Release|Win32
		{C018821A-B2DA-4EC6-B208-0699FB00BEA5}.Release|Win32.Build.0 = Release|Win32
	EndGlobalSection
	GlobalSection(SolutionProperties) = preSolution
		HideSolutionNode = FALSE
	EndGlobalSection
EndGlobal
